
Microsoft Visual Studio Solution File, Format Version 12.00
# Visual Studio Version 17
VisualStudioVersion = 17.11.35303.130
MinimumVisualStudioVersion = 10.0.40219.1
Project("{9A19103F-16F7-4668-BE54-9A1E7A4F7556}") = "PuttPals", "PuttPals\PuttPals.csproj", "{2AA66A97-D090-43AB-91BE-BB56E6C9FA01}"
EndProject
Global
	GlobalSection(SolutionConfigurationPlatforms) = preSolution
		Debug|Any CPU = Debug|Any CPU
		Release|Any CPU = Release|Any CPU
	EndGlobalSection
	GlobalSection(ProjectConfigurationPlatforms) = postSolution
		{2AA66A97-D090-43AB-91BE-BB56E6C9FA01}.Debug|Any CPU.ActiveCfg = Debug|Any CPU
		{2AA66A97-D090-43AB-91BE-BB56E6C9FA01}.Debug|Any CPU.Build.0 = Debug|Any CPU
		{2AA66A97-D090-43AB-91BE-BB56E6C9FA01}.Release|Any CPU.ActiveCfg = Release|Any CPU
		{2AA66A97-D090-43AB-91BE-BB56E6C9FA01}.Release|Any CPU.Build.0 = Release|Any CPU
	EndGlobalSection
	GlobalSection(SolutionProperties) = preSolution
		HideSolutionNode = FALSE
	EndGlobalSection
	GlobalSection(ExtensibilityGlobals) = postSolution
		SolutionGuid = {348AE709-E549-4EC5-8571-DCFD63CD3B58}
	EndGlobalSection
EndGlobal
